
Microsoft Visual Studio Solution File, Format Version 12.00
# Visual Studio Version 17
VisualStudioVersion = 17.11.35327.3
MinimumVisualStudioVersion = 10.0.40219.1
Project("{FAE04EC0-301F-11D3-BF4B-00C04F79EFBC}") = "MainService", "MainService\MainService.csproj", "{B23C440D-819C-46DC-A118-17A99AFC9E64}"
EndProject
Project("{FAE04EC0-301F-11D3-BF4B-00C04F79EFBC}") = "Service1", "Service1\Service1.csproj", "{B29773A9-61FE-473B-A0EC-6902957B02AB}"
EndProject
Project("{FAE04EC0-301F-11D3-BF4B-00C04F79EFBC}") = "Service2", "Service2\Service2.csproj", "{A0889D03-4A4C-449F-B868-7D71EF99D9E5}"
EndProject
Global
	GlobalSection(SolutionConfigurationPlatforms) = preSolution
		Debug|Any CPU = Debug|Any CPU
		Release|Any CPU = Release|Any CPU
	EndGlobalSection
	GlobalSection(ProjectConfigurationPlatforms) = postSolution
		{B23C440D-819C-46DC-A118-17A99AFC9E64}.Debug|Any CPU.ActiveCfg = Debug|Any CPU
		{B23C440D-819C-46DC-A118-17A99AFC9E64}.Debug|Any CPU.Build.0 = Debug|Any CPU
		{B23C440D-819C-46DC-A118-17A99AFC9E64}.Release|Any CPU.ActiveCfg = Release|Any CPU
		{B23C440D-819C-46DC-A118-17A99AFC9E64}.Release|Any CPU.Build.0 = Release|Any CPU
		{B29773A9-61FE-473B-A0EC-6902957B02AB}.Debug|Any CPU.ActiveCfg = Debug|Any CPU
		{B29773A9-61FE-473B-A0EC-6902957B02AB}.Debug|Any CPU.Build.0 = Debug|Any CPU
		{B29773A9-61FE-473B-A0EC-6902957B02AB}.Release|Any CPU.ActiveCfg = Release|Any CPU
		{B29773A9-61FE-473B-A0EC-6902957B02AB}.Release|Any CPU.Build.0 = Release|Any CPU
		{A0889D03-4A4C-449F-B868-7D71EF99D9E5}.Debug|Any CPU.ActiveCfg = Debug|Any CPU
		{A0889D03-4A4C-449F-B868-7D71EF99D9E5}.Debug|Any CPU.Build.0 = Debug|Any CPU
		{A0889D03-4A4C-449F-B868-7D71EF99D9E5}.Release|Any CPU.ActiveCfg = Release|Any CPU
		{A0889D03-4A4C-449F-B868-7D71EF99D9E5}.Release|Any CPU.Build.0 = Release|Any CPU
	EndGlobalSection
	GlobalSection(SolutionProperties) = preSolution
		HideSolutionNode = FALSE
	EndGlobalSection
	GlobalSection(ExtensibilityGlobals) = postSolution
		SolutionGuid = {A927B9ED-7FEC-48D7-88A3-42ED0CEAAF33}
	EndGlobalSection
EndGlobal
